// !$*UTF8*$!
{
	archiveVersion = 1;
	classes = {
	};
	objectVersion = 56;
	objects = {

/* Begin PBXBuildFile section */
		9602D1C629C6A95200EED044 /* registerViewController.swift in Sources */ = {isa = PBXBuildFile; fileRef = 9602D1C529C6A95200EED044 /* registerViewController.swift */; };
		9602D1C829C6A9D800EED044 /* testViewController.swift in Sources */ = {isa = PBXBuildFile; fileRef = 9602D1C729C6A9D800EED044 /* testViewController.swift */; };
		960772A729C6CB8B004728C7 /* Poppins-Light.ttf in Resources */ = {isa = PBXBuildFile; fileRef = 960772A629C6CB8B004728C7 /* Poppins-Light.ttf */; };
		960772A929C6CBBC004728C7 /* Poppins-ExtraLight.ttf in Resources */ = {isa = PBXBuildFile; fileRef = 960772A829C6CBBC004728C7 /* Poppins-ExtraLight.ttf */; };
		9614EC2B291D6F20003CF3DC /* AppDelegate.swift in Sources */ = {isa = PBXBuildFile; fileRef = 9614EC2A291D6F20003CF3DC /* AppDelegate.swift */; };
		9614EC2D291D6F20003CF3DC /* SceneDelegate.swift in Sources */ = {isa = PBXBuildFile; fileRef = 9614EC2C291D6F20003CF3DC /* SceneDelegate.swift */; };
		9614EC2F291D6F20003CF3DC /* ViewController.swift in Sources */ = {isa = PBXBuildFile; fileRef = 9614EC2E291D6F20003CF3DC /* ViewController.swift */; };
		9614EC32291D6F20003CF3DC /* Main.storyboard in Resources */ = {isa = PBXBuildFile; fileRef = 9614EC30291D6F20003CF3DC /* Main.storyboard */; };
		9614EC35291D6F20003CF3DC /* datePet.xcdatamodeld in Sources */ = {isa = PBXBuildFile; fileRef = 9614EC33291D6F20003CF3DC /* datePet.xcdatamodeld */; };
		9614EC37291D6F22003CF3DC /* Assets.xcassets in Resources */ = {isa = PBXBuildFile; fileRef = 9614EC36291D6F22003CF3DC /* Assets.xcassets */; };
		9614EC3A291D6F22003CF3DC /* LaunchScreen.storyboard in Resources */ = {isa = PBXBuildFile; fileRef = 9614EC38291D6F22003CF3DC /* LaunchScreen.storyboard */; };
		966AA2F629E751B200664A22 /* LoginViewController.swift in Sources */ = {isa = PBXBuildFile; fileRef = 966AA2F529E751B200664A22 /* LoginViewController.swift */; };
		96B0C23429C68D8C001D95CE /* Poppins-Bold.ttf in Resources */ = {isa = PBXBuildFile; fileRef = 96B0C23329C68D8C001D95CE /* Poppins-Bold.ttf */; };
		96B0C23729C68E39001D95CE /* Poppins-Regular.ttf in Resources */ = {isa = PBXBuildFile; fileRef = 96B0C23629C68E39001D95CE /* Poppins-Regular.ttf */; };
		96E085CF29D9F1290053F891 /* PhoneValidationViewController.swift in Sources */ = {isa = PBXBuildFile; fileRef = 96E085CE29D9F1290053F891 /* PhoneValidationViewController.swift */; };
		96E085D129DA25210053F891 /* GoogleService-Info.plist in Resources */ = {isa = PBXBuildFile; fileRef = 96E085D029DA25210053F891 /* GoogleService-Info.plist */; };
		96E085D429DA268D0053F891 /* FirebaseAnalytics in Frameworks */ = {isa = PBXBuildFile; productRef = 96E085D329DA268D0053F891 /* FirebaseAnalytics */; };
		96E085D629DA268D0053F891 /* FirebaseAnalyticsSwift in Frameworks */ = {isa = PBXBuildFile; productRef = 96E085D529DA268D0053F891 /* FirebaseAnalyticsSwift */; };
		96E085D929DA32A20053F891 /* FirebaseAuth in Frameworks */ = {isa = PBXBuildFile; productRef = 96E085D829DA32A20053F891 /* FirebaseAuth */; };
/* End PBXBuildFile section */

/* Begin PBXFileReference section */
		9602D1C529C6A95200EED044 /* registerViewController.swift */ = {isa = PBXFileReference; lastKnownFileType = sourcecode.swift; path = registerViewController.swift; sourceTree = "<group>"; };
		9602D1C729C6A9D800EED044 /* testViewController.swift */ = {isa = PBXFileReference; lastKnownFileType = sourcecode.swift; path = testViewController.swift; sourceTree = "<group>"; };
		960772A629C6CB8B004728C7 /* Poppins-Light.ttf */ = {isa = PBXFileReference; lastKnownFileType = file; path = "Poppins-Light.ttf"; sourceTree = "<group>"; };
		960772A829C6CBBC004728C7 /* Poppins-ExtraLight.ttf */ = {isa = PBXFileReference; lastKnownFileType = file; path = "Poppins-ExtraLight.ttf"; sourceTree = "<group>"; };
		9614EC27291D6F20003CF3DC /* datePet.app */ = {isa = PBXFileReference; explicitFileType = wrapper.application; includeInIndex = 0; path = datePet.app; sourceTree = BUILT_PRODUCTS_DIR; };
		9614EC2A291D6F20003CF3DC /* AppDelegate.swift */ = {isa = PBXFileReference; lastKnownFileType = sourcecode.swift; path = AppDelegate.swift; sourceTree = "<group>"; };
		9614EC2C291D6F20003CF3DC /* SceneDelegate.swift */ = {isa = PBXFileReference; lastKnownFileType = sourcecode.swift; path = SceneDelegate.swift; sourceTree = "<group>"; };
		9614EC2E291D6F20003CF3DC /* ViewController.swift */ = {isa = PBXFileReference; lastKnownFileType = sourcecode.swift; path = ViewController.swift; sourceTree = "<group>"; };
		9614EC31291D6F20003CF3DC /* Base */ = {isa = PBXFileReference; lastKnownFileType = file.storyboard; name = Base; path = Base.lproj/Main.storyboard; sourceTree = "<group>"; };
		9614EC34291D6F20003CF3DC /* datePet.xcdatamodel */ = {isa = PBXFileReference; lastKnownFileType = wrapper.xcdatamodel; path = datePet.xcdatamodel; sourceTree = "<group>"; };
		9614EC36291D6F22003CF3DC /* Assets.xcassets */ = {isa = PBXFileReference; lastKnownFileType = folder.assetcatalog; path = Assets.xcassets; sourceTree = "<group>"; };
		9614EC39291D6F22003CF3DC /* Base */ = {isa = PBXFileReference; lastKnownFileType = file.storyboard; name = Base; path = Base.lproj/LaunchScreen.storyboard; sourceTree = "<group>"; };
		9614EC3B291D6F22003CF3DC /* Info.plist */ = {isa = PBXFileReference; lastKnownFileType = text.plist.xml; path = Info.plist; sourceTree = "<group>"; };
		966AA2F529E751B200664A22 /* LoginViewController.swift */ = {isa = PBXFileReference; lastKnownFileType = sourcecode.swift; path = LoginViewController.swift; sourceTree = "<group>"; };
		96B0C23329C68D8C001D95CE /* Poppins-Bold.ttf */ = {isa = PBXFileReference; lastKnownFileType = file; path = "Poppins-Bold.ttf"; sourceTree = "<group>"; };
		96B0C23629C68E39001D95CE /* Poppins-Regular.ttf */ = {isa = PBXFileReference; lastKnownFileType = file; path = "Poppins-Regular.ttf"; sourceTree = "<group>"; };
		96E085CE29D9F1290053F891 /* PhoneValidationViewController.swift */ = {isa = PBXFileReference; lastKnownFileType = sourcecode.swift; path = PhoneValidationViewController.swift; sourceTree = "<group>"; };
		96E085D029DA25210053F891 /* GoogleService-Info.plist */ = {isa = PBXFileReference; fileEncoding = 4; lastKnownFileType = text.plist.xml; path = "GoogleService-Info.plist"; sourceTree = "<group>"; };
/* End PBXFileReference section */

/* Begin PBXFrameworksBuildPhase section */
		9614EC24291D6F20003CF3DC /* Frameworks */ = {
			isa = PBXFrameworksBuildPhase;
			buildActionMask = 2147483647;
			files = (
				96E085D629DA268D0053F891 /* FirebaseAnalyticsSwift in Frameworks */,
				96E085D929DA32A20053F891 /* FirebaseAuth in Frameworks */,
				96E085D429DA268D0053F891 /* FirebaseAnalytics in Frameworks */,
			);
			runOnlyForDeploymentPostprocessing = 0;
		};
/* End PBXFrameworksBuildPhase section */

/* Begin PBXGroup section */
		9614EC1E291D6F20003CF3DC = {
			isa = PBXGroup;
			children = (
				9614EC29291D6F20003CF3DC /* datePet */,
				9614EC28291D6F20003CF3DC /* Products */,
				96E085D729DA32A20053F891 /* Frameworks */,
			);
			sourceTree = "<group>";
		};
		9614EC28291D6F20003CF3DC /* Products */ = {
			isa = PBXGroup;
			children = (
				9614EC27291D6F20003CF3DC /* datePet.app */,
			);
			name = Products;
			sourceTree = "<group>";
		};
		9614EC29291D6F20003CF3DC /* datePet */ = {
			isa = PBXGroup;
			children = (
				9614EC43291D727B003CF3DC /* Model */,
				9614EC2A291D6F20003CF3DC /* AppDelegate.swift */,
				9614EC2C291D6F20003CF3DC /* SceneDelegate.swift */,
				9614EC42291D7262003CF3DC /* Controller */,
				9614EC41291D7259003CF3DC /* view */,
				9614EC36291D6F22003CF3DC /* Assets.xcassets */,
				9614EC38291D6F22003CF3DC /* LaunchScreen.storyboard */,
				96E085D029DA25210053F891 /* GoogleService-Info.plist */,
				9614EC3B291D6F22003CF3DC /* Info.plist */,
				9614EC33291D6F20003CF3DC /* datePet.xcdatamodeld */,
				96B0C23529C68D91001D95CE /* fonts */,
			);
			path = datePet;
			sourceTree = "<group>";
		};
		9614EC41291D7259003CF3DC /* view */ = {
			isa = PBXGroup;
			children = (
				9614EC30291D6F20003CF3DC /* Main.storyboard */,
			);
			path = view;
			sourceTree = "<group>";
		};
		9614EC42291D7262003CF3DC /* Controller */ = {
			isa = PBXGroup;
			children = (
				9614EC2E291D6F20003CF3DC /* ViewController.swift */,
				9602D1C529C6A95200EED044 /* registerViewController.swift */,
				9602D1C729C6A9D800EED044 /* testViewController.swift */,
				96E085CE29D9F1290053F891 /* PhoneValidationViewController.swift */,
				966AA2F529E751B200664A22 /* LoginViewController.swift */,
			);
			path = Controller;
			sourceTree = "<group>";
		};
		9614EC43291D727B003CF3DC /* Model */ = {
			isa = PBXGroup;
			children = (
			);
			path = Model;
			sourceTree = "<group>";
		};
		96B0C23529C68D91001D95CE /* fonts */ = {
			isa = PBXGroup;
			children = (
				96B0C23329C68D8C001D95CE /* Poppins-Bold.ttf */,
				96B0C23629C68E39001D95CE /* Poppins-Regular.ttf */,
				960772A629C6CB8B004728C7 /* Poppins-Light.ttf */,
				960772A829C6CBBC004728C7 /* Poppins-ExtraLight.ttf */,
			);
			path = fonts;
			sourceTree = "<group>";
		};
		96E085D729DA32A20053F891 /* Frameworks */ = {
			isa = PBXGroup;
			children = (
			);
			name = Frameworks;
			sourceTree = "<group>";
		};
/* End PBXGroup section */

/* Begin PBXNativeTarget section */
		9614EC26291D6F20003CF3DC /* datePet */ = {
			isa = PBXNativeTarget;
			buildConfigurationList = 9614EC3E291D6F22003CF3DC /* Build configuration list for PBXNativeTarget "datePet" */;
			buildPhases = (
				9614EC23291D6F20003CF3DC /* Sources */,
				9614EC24291D6F20003CF3DC /* Frameworks */,
				9614EC25291D6F20003CF3DC /* Resources */,
			);
			buildRules = (
			);
			dependencies = (
			);
			name = datePet;
			packageProductDependencies = (
				96E085D329DA268D0053F891 /* FirebaseAnalytics */,
				96E085D529DA268D0053F891 /* FirebaseAnalyticsSwift */,
				96E085D829DA32A20053F891 /* FirebaseAuth */,
			);
			productName = datePet;
			productReference = 9614EC27291D6F20003CF3DC /* datePet.app */;
			productType = "com.apple.product-type.application";
		};
/* End PBXNativeTarget section */

/* Begin PBXProject section */
		9614EC1F291D6F20003CF3DC /* Project object */ = {
			isa = PBXProject;
			attributes = {
				BuildIndependentTargetsInParallel = 1;
				LastSwiftUpdateCheck = 1410;
				LastUpgradeCheck = 1410;
				TargetAttributes = {
					9614EC26291D6F20003CF3DC = {
						CreatedOnToolsVersion = 14.1;
					};
				};
			};
			buildConfigurationList = 9614EC22291D6F20003CF3DC /* Build configuration list for PBXProject "datePet" */;
			compatibilityVersion = "Xcode 14.0";
			developmentRegion = en;
			hasScannedForEncodings = 0;
			knownRegions = (
				en,
				Base,
			);
			mainGroup = 9614EC1E291D6F20003CF3DC;
			packageReferences = (
				96E085D229DA268D0053F891 /* XCRemoteSwiftPackageReference "firebase-ios-sdk" */,
			);
			productRefGroup = 9614EC28291D6F20003CF3DC /* Products */;
			projectDirPath = "";
			projectRoot = "";
			targets = (
				9614EC26291D6F20003CF3DC /* datePet */,
			);
		};
/* End PBXProject section */

/* Begin PBXResourcesBuildPhase section */
		9614EC25291D6F20003CF3DC /* Resources */ = {
			isa = PBXResourcesBuildPhase;
			buildActionMask = 2147483647;
			files = (
				9614EC3A291D6F22003CF3DC /* LaunchScreen.storyboard in Resources */,
				96E085D129DA25210053F891 /* GoogleService-Info.plist in Resources */,
				960772A729C6CB8B004728C7 /* Poppins-Light.ttf in Resources */,
				9614EC37291D6F22003CF3DC /* Assets.xcassets in Resources */,
				9614EC32291D6F20003CF3DC /* Main.storyboard in Resources */,
				96B0C23429C68D8C001D95CE /* Poppins-Bold.ttf in Resources */,
				96B0C23729C68E39001D95CE /* Poppins-Regular.ttf in Resources */,
				960772A929C6CBBC004728C7 /* Poppins-ExtraLight.ttf in Resources */,
			);
			runOnlyForDeploymentPostprocessing = 0;
		};
/* End PBXResourcesBuildPhase section */

/* Begin PBXSourcesBuildPhase section */
		9614EC23291D6F20003CF3DC /* Sources */ = {
			isa = PBXSourcesBuildPhase;
			buildActionMask = 2147483647;
			files = (
				96E085CF29D9F1290053F891 /* PhoneValidationViewController.swift in Sources */,
				9602D1C829C6A9D800EED044 /* testViewController.swift in Sources */,
				9614EC2F291D6F20003CF3DC /* ViewController.swift in Sources */,
				9614EC2B291D6F20003CF3DC /* AppDelegate.swift in Sources */,
				966AA2F629E751B200664A22 /* LoginViewController.swift in Sources */,
				9614EC2D291D6F20003CF3DC /* SceneDelegate.swift in Sources */,
				9602D1C629C6A95200EED044 /* registerViewController.swift in Sources */,
				9614EC35291D6F20003CF3DC /* datePet.xcdatamodeld in Sources */,
			);
			runOnlyForDeploymentPostprocessing = 0;
		};
/* End PBXSourcesBuildPhase section */

/* Begin PBXVariantGroup section */
		9614EC30291D6F20003CF3DC /* Main.storyboard */ = {
			isa = PBXVariantGroup;
			children = (
				9614EC31291D6F20003CF3DC /* Base */,
			);
			name = Main.storyboard;
			sourceTree = "<group>";
		};
		9614EC38291D6F22003CF3DC /* LaunchScreen.storyboard */ = {
			isa = PBXVariantGroup;
			children = (
				9614EC39291D6F22003CF3DC /* Base */,
			);
			name = LaunchScreen.storyboard;
			sourceTree = "<group>";
		};
/* End PBXVariantGroup section */

/* Begin XCBuildConfiguration section */
		9614EC3C291D6F22003CF3DC /* Debug */ = {
			isa = XCBuildConfiguration;
			buildSettings = {
				ALWAYS_SEARCH_USER_PATHS = NO;
				CLANG_ANALYZER_NONNULL = YES;
				CLANG_ANALYZER_NUMBER_OBJECT_CONVERSION = YES_AGGRESSIVE;
				CLANG_CXX_LANGUAGE_STANDARD = "gnu++20";
				CLANG_ENABLE_MODULES = YES;
				CLANG_ENABLE_OBJC_ARC = YES;
				CLANG_ENABLE_OBJC_WEAK = YES;
				CLANG_WARN_BLOCK_CAPTURE_AUTORELEASING = YES;
				CLANG_WARN_BOOL_CONVERSION = YES;
				CLANG_WARN_COMMA = YES;
				CLANG_WARN_CONSTANT_CONVERSION = YES;
				CLANG_WARN_DEPRECATED_OBJC_IMPLEMENTATIONS = YES;
				CLANG_WARN_DIRECT_OBJC_ISA_USAGE = YES_ERROR;
				CLANG_WARN_DOCUMENTATION_COMMENTS = YES;
				CLANG_WARN_EMPTY_BODY = YES;
				CLANG_WARN_ENUM_CONVERSION = YES;
				CLANG_WARN_INFINITE_RECURSION = YES;
				CLANG_WARN_INT_CONVERSION = YES;
				CLANG_WARN_NON_LITERAL_NULL_CONVERSION = YES;
				CLANG_WARN_OBJC_IMPLICIT_RETAIN_SELF = YES;
				CLANG_WARN_OBJC_LITERAL_CONVERSION = YES;
				CLANG_WARN_OBJC_ROOT_CLASS = YES_ERROR;
				CLANG_WARN_QUOTED_INCLUDE_IN_FRAMEWORK_HEADER = YES;
				CLANG_WARN_RANGE_LOOP_ANALYSIS = YES;
				CLANG_WARN_STRICT_PROTOTYPES = YES;
				CLANG_WARN_SUSPICIOUS_MOVE = YES;
				CLANG_WARN_UNGUARDED_AVAILABILITY = YES_AGGRESSIVE;
				CLANG_WARN_UNREACHABLE_CODE = YES;
				CLANG_WARN__DUPLICATE_METHOD_MATCH = YES;
				COPY_PHASE_STRIP = NO;
				DEBUG_INFORMATION_FORMAT = dwarf;
				ENABLE_STRICT_OBJC_MSGSEND = YES;
				ENABLE_TESTABILITY = YES;
				GCC_C_LANGUAGE_STANDARD = gnu11;
				GCC_DYNAMIC_NO_PIC = NO;
				GCC_NO_COMMON_BLOCKS = YES;
				GCC_OPTIMIZATION_LEVEL = 0;
				GCC_PREPROCESSOR_DEFINITIONS = (
					"DEBUG=1",
					"$(inherited)",
				);
				GCC_WARN_64_TO_32_BIT_CONVERSION = YES;
				GCC_WARN_ABOUT_RETURN_TYPE = YES_ERROR;
				GCC_WARN_UNDECLARED_SELECTOR = YES;
				GCC_WARN_UNINITIALIZED_AUTOS = YES_AGGRESSIVE;
				GCC_WARN_UNUSED_FUNCTION = YES;
				GCC_WARN_UNUSED_VARIABLE = YES;
				IPHONEOS_DEPLOYMENT_TARGET = 16.1;
				MTL_ENABLE_DEBUG_INFO = INCLUDE_SOURCE;
				MTL_FAST_MATH = YES;
				ONLY_ACTIVE_ARCH = YES;
				SDKROOT = iphoneos;
				SWIFT_ACTIVE_COMPILATION_CONDITIONS = DEBUG;
				SWIFT_OPTIMIZATION_LEVEL = "-Onone";
			};
			name = Debug;
		};
		9614EC3D291D6F22003CF3DC /* Release */ = {
			isa = XCBuildConfiguration;
			buildSettings = {
				ALWAYS_SEARCH_USER_PATHS = NO;
				CLANG_ANALYZER_NONNULL = YES;
				CLANG_ANALYZER_NUMBER_OBJECT_CONVERSION = YES_AGGRESSIVE;
				CLANG_CXX_LANGUAGE_STANDARD = "gnu++20";
				CLANG_ENABLE_MODULES = YES;
				CLANG_ENABLE_OBJC_ARC = YES;
				CLANG_ENABLE_OBJC_WEAK = YES;
				CLANG_WARN_BLOCK_CAPTURE_AUTORELEASING = YES;
				CLANG_WARN_BOOL_CONVERSION = YES;
				CLANG_WARN_COMMA = YES;
				CLANG_WARN_CONSTANT_CONVERSION = YES;
				CLANG_WARN_DEPRECATED_OBJC_IMPLEMENTATIONS = YES;
				CLANG_WARN_DIRECT_OBJC_ISA_USAGE = YES_ERROR;
				CLANG_WARN_DOCUMENTATION_COMMENTS = YES;
				CLANG_WARN_EMPTY_BODY = YES;
				CLANG_WARN_ENUM_CONVERSION = YES;
				CLANG_WARN_INFINITE_RECURSION = YES;
				CLANG_WARN_INT_CONVERSION = YES;
				CLANG_WARN_NON_LITERAL_NULL_CONVERSION = YES;
				CLANG_WARN_OBJC_IMPLICIT_RETAIN_SELF = YES;
				CLANG_WARN_OBJC_LITERAL_CONVERSION = YES;
				CLANG_WARN_OBJC_ROOT_CLASS = YES_ERROR;
				CLANG_WARN_QUOTED_INCLUDE_IN_FRAMEWORK_HEADER = YES;
				CLANG_WARN_RANGE_LOOP_ANALYSIS = YES;
				CLANG_WARN_STRICT_PROTOTYPES = YES;
				CLANG_WARN_SUSPICIOUS_MOVE = YES;
				CLANG_WARN_UNGUARDED_AVAILABILITY = YES_AGGRESSIVE;
				CLANG_WARN_UNREACHABLE_CODE = YES;
				CLANG_WARN__DUPLICATE_METHOD_MATCH = YES;
				COPY_PHASE_STRIP = NO;
				DEBUG_INFORMATION_FORMAT = "dwarf-with-dsym";
				ENABLE_NS_ASSERTIONS = NO;
				ENABLE_STRICT_OBJC_MSGSEND = YES;
				GCC_C_LANGUAGE_STANDARD = gnu11;
				GCC_NO_COMMON_BLOCKS = YES;
				GCC_WARN_64_TO_32_BIT_CONVERSION = YES;
				GCC_WARN_ABOUT_RETURN_TYPE = YES_ERROR;
				GCC_WARN_UNDECLARED_SELECTOR = YES;
				GCC_WARN_UNINITIALIZED_AUTOS = YES_AGGRESSIVE;
				GCC_WARN_UNUSED_FUNCTION = YES;
				GCC_WARN_UNUSED_VARIABLE = YES;
				IPHONEOS_DEPLOYMENT_TARGET = 16.1;
				MTL_ENABLE_DEBUG_INFO = NO;
				MTL_FAST_MATH = YES;
				SDKROOT = iphoneos;
				SWIFT_COMPILATION_MODE = wholemodule;
				SWIFT_OPTIMIZATION_LEVEL = "-O";
				VALIDATE_PRODUCT = YES;
			};
			name = Release;
		};
		9614EC3F291D6F22003CF3DC /* Debug */ = {
			isa = XCBuildConfiguration;
			buildSettings = {
				ASSETCATALOG_COMPILER_APPICON_NAME = AppIcon;
				ASSETCATALOG_COMPILER_GLOBAL_ACCENT_COLOR_NAME = AccentColor;
				CODE_SIGN_STYLE = Automatic;
				CURRENT_PROJECT_VERSION = 1;
				DEVELOPMENT_TEAM = WLZG58T25U;
				GENERATE_INFOPLIST_FILE = YES;
				INFOPLIST_FILE = datePet/Info.plist;
				INFOPLIST_KEY_UIApplicationSupportsIndirectInputEvents = YES;
				INFOPLIST_KEY_UILaunchStoryboardName = LaunchScreen;
				INFOPLIST_KEY_UIMainStoryboardFile = Main;
				INFOPLIST_KEY_UISupportedInterfaceOrientations = "UIInterfaceOrientationPortrait UIInterfaceOrientationPortraitUpsideDown";
				LD_RUNPATH_SEARCH_PATHS = (
					"$(inherited)",
					"@executable_path/Frameworks",
				);
				MARKETING_VERSION = 1.0;
				PRODUCT_BUNDLE_IDENTIFIER = com.cesar77muse.datePet;
				PRODUCT_NAME = "$(TARGET_NAME)";
				SWIFT_EMIT_LOC_STRINGS = YES;
				SWIFT_VERSION = 5.0;
				TARGETED_DEVICE_FAMILY = "1,2";
			};
			name = Debug;
		};
		9614EC40291D6F22003CF3DC /* Release */ = {
			isa = XCBuildConfiguration;
			buildSettings = {
				ASSETCATALOG_COMPILER_APPICON_NAME = AppIcon;
				ASSETCATALOG_COMPILER_GLOBAL_ACCENT_COLOR_NAME = AccentColor;
				CODE_SIGN_STYLE = Automatic;
				CURRENT_PROJECT_VERSION = 1;
				DEVELOPMENT_TEAM = WLZG58T25U;
				GENERATE_INFOPLIST_FILE = YES;
				INFOPLIST_FILE = datePet/Info.plist;
				INFOPLIST_KEY_UIApplicationSupportsIndirectInputEvents = YES;
				INFOPLIST_KEY_UILaunchStoryboardName = LaunchScreen;
				INFOPLIST_KEY_UIMainStoryboardFile = Main;
				INFOPLIST_KEY_UISupportedInterfaceOrientations = "UIInterfaceOrientationPortrait UIInterfaceOrientationPortraitUpsideDown";
				LD_RUNPATH_SEARCH_PATHS = (
					"$(inherited)",
					"@executable_path/Frameworks",
				);
				MARKETING_VERSION = 1.0;
				PRODUCT_BUNDLE_IDENTIFIER = com.cesar77muse.datePet;
				PRODUCT_NAME = "$(TARGET_NAME)";
				SWIFT_EMIT_LOC_STRINGS = YES;
				SWIFT_VERSION = 5.0;
				TARGETED_DEVICE_FAMILY = "1,2";
			};
			name = Release;
		};
/* End XCBuildConfiguration section */

/* Begin XCConfigurationList section */
		9614EC22291D6F20003CF3DC /* Build configuration list for PBXProject "datePet" */ = {
			isa = XCConfigurationList;
			buildConfigurations = (
				9614EC3C291D6F22003CF3DC /* Debug */,
				9614EC3D291D6F22003CF3DC /* Release */,
			);
			defaultConfigurationIsVisible = 0;
			defaultConfigurationName = Release;
		};
		9614EC3E291D6F22003CF3DC /* Build configuration list for PBXNativeTarget "datePet" */ = {
			isa = XCConfigurationList;
			buildConfigurations = (
				9614EC3F291D6F22003CF3DC /* Debug */,
				9614EC40291D6F22003CF3DC /* Release */,
			);
			defaultConfigurationIsVisible = 0;
			defaultConfigurationName = Release;
		};
/* End XCConfigurationList section */

/* Begin XCRemoteSwiftPackageReference section */
		96E085D229DA268D0053F891 /* XCRemoteSwiftPackageReference "firebase-ios-sdk" */ = {
			isa = XCRemoteSwiftPackageReference;
			repositoryURL = "https://github.com/firebase/firebase-ios-sdk";
			requirement = {
				kind = upToNextMajorVersion;
				minimumVersion = 10.0.0;
			};
		};
/* End XCRemoteSwiftPackageReference section */

/* Begin XCSwiftPackageProductDependency section */
		96E085D329DA268D0053F891 /* FirebaseAnalytics */ = {
			isa = XCSwiftPackageProductDependency;
			package = 96E085D229DA268D0053F891 /* XCRemoteSwiftPackageReference "firebase-ios-sdk" */;
			productName = FirebaseAnalytics;
		};
		96E085D529DA268D0053F891 /* FirebaseAnalyticsSwift */ = {
			isa = XCSwiftPackageProductDependency;
			package = 96E085D229DA268D0053F891 /* XCRemoteSwiftPackageReference "firebase-ios-sdk" */;
			productName = FirebaseAnalyticsSwift;
		};
		96E085D829DA32A20053F891 /* FirebaseAuth */ = {
			isa = XCSwiftPackageProductDependency;
			package = 96E085D229DA268D0053F891 /* XCRemoteSwiftPackageReference "firebase-ios-sdk" */;
			productName = FirebaseAuth;
		};
/* End XCSwiftPackageProductDependency section */

/* Begin XCVersionGroup section */
		9614EC33291D6F20003CF3DC /* datePet.xcdatamodeld */ = {
			isa = XCVersionGroup;
			children = (
				9614EC34291D6F20003CF3DC /* datePet.xcdatamodel */,
			);
			currentVersion = 9614EC34291D6F20003CF3DC /* datePet.xcdatamodel */;
			path = datePet.xcdatamodeld;
			sourceTree = "<group>";
			versionGroupType = wrapper.xcdatamodel;
		};
/* End XCVersionGroup section */
	};
	rootObject = 9614EC1F291D6F20003CF3DC /* Project object */;
}
